
Microsoft Visual Studio Solution File, Format Version 12.00
# Visual Studio 15
VisualStudioVersion = 15.0.27130.2024
MinimumVisualStudioVersion = 10.0.40219.1
Project("{FAE04EC0-301F-11D3-BF4B-00C04F79EFBC}") = "RegistrationForm", "RegistrationForm\RegistrationForm.csproj", "{E48F5590-C4A8-4D3E-9FF4-441E2FC46EA1}"
EndProject
Global
	GlobalSection(SolutionConfigurationPlatforms) = preSolution
		Debug|Any CPU = Debug|Any CPU
		Release|Any CPU = Release|Any CPU
	EndGlobalSection
	GlobalSection(ProjectConfigurationPlatforms) = postSolution
		{E48F5590-C4A8-4D3E-9FF4-441E2FC46EA1}.Debug|Any CPU.ActiveCfg = Debug|Any CPU
		{E48F5590-C4A8-4D3E-9FF4-441E2FC46EA1}.Debug|Any CPU.Build.0 = Debug|Any CPU
		{E48F5590-C4A8-4D3E-9FF4-441E2FC46EA1}.Release|Any CPU.ActiveCfg = Release|Any CPU
		{E48F5590-C4A8-4D3E-9FF4-441E2FC46EA1}.Release|Any CPU.Build.0 = Release|Any CPU
	EndGlobalSection
	GlobalSection(SolutionProperties) = preSolution
		HideSolutionNode = FALSE
	EndGlobalSection
	GlobalSection(ExtensibilityGlobals) = postSolution
		SolutionGuid = {F8C67F1B-9D02-4856-A6D7-5D4AD5F9ABE6}
	EndGlobalSection
EndGlobal
